
Microsoft Visual Studio Solution File, Format Version 12.00
# Visual Studio Version 17
VisualStudioVersion = 17.2.32616.157
MinimumVisualStudioVersion = 10.0.40219.1
Project("{9A19103F-16F7-4668-BE54-9A1E7A4F7556}") = "ToolsApp", "ToolsApp.csproj", "{CC171CBB-9335-4AD1-922C-61C0DEFAD0E7}"
EndProject
Project("{9A19103F-16F7-4668-BE54-9A1E7A4F7556}") = "MultiThreadsDemo", "..\MultiThreadsDemo\MultiThreadsDemo.csproj", "{3EA72628-34C2-4E2F-AE3C-68F167FB4FFC}"
EndProject
Project("{FAE04EC0-301F-11D3-BF4B-00C04F79EFBC}") = "CommonTools", "..\CommonTools\CommonTools.csproj", "{21AAD6FF-027D-411F-BC28-DAF0FEFDFEA7}"
EndProject
Global
	GlobalSection(SolutionConfigurationPlatforms) = preSolution
		Debug|Any CPU = Debug|Any CPU
		Release|Any CPU = Release|Any CPU
	EndGlobalSection
	GlobalSection(ProjectConfigurationPlatforms) = postSolution
		{CC171CBB-9335-4AD1-922C-61C0DEFAD0E7}.Debug|Any CPU.ActiveCfg = Debug|Any CPU
		{CC171CBB-9335-4AD1-922C-61C0DEFAD0E7}.Debug|Any CPU.Build.0 = Debug|Any CPU
		{CC171CBB-9335-4AD1-922C-61C0DEFAD0E7}.Release|Any CPU.ActiveCfg = Release|Any CPU
		{CC171CBB-9335-4AD1-922C-61C0DEFAD0E7}.Release|Any CPU.Build.0 = Release|Any CPU
		{3EA72628-34C2-4E2F-AE3C-68F167FB4FFC}.Debug|Any CPU.ActiveCfg = Debug|Any CPU
		{3EA72628-34C2-4E2F-AE3C-68F167FB4FFC}.Debug|Any CPU.Build.0 = Debug|Any CPU
		{3EA72628-34C2-4E2F-AE3C-68F167FB4FFC}.Release|Any CPU.ActiveCfg = Release|Any CPU
		{3EA72628-34C2-4E2F-AE3C-68F167FB4FFC}.Release|Any CPU.Build.0 = Release|Any CPU
		{21AAD6FF-027D-411F-BC28-DAF0FEFDFEA7}.Debug|Any CPU.ActiveCfg = Debug|Any CPU
		{21AAD6FF-027D-411F-BC28-DAF0FEFDFEA7}.Debug|Any CPU.Build.0 = Debug|Any CPU
		{21AAD6FF-027D-411F-BC28-DAF0FEFDFEA7}.Release|Any CPU.ActiveCfg = Release|Any CPU
		{21AAD6FF-027D-411F-BC28-DAF0FEFDFEA7}.Release|Any CPU.Build.0 = Release|Any CPU
	EndGlobalSection
	GlobalSection(SolutionProperties) = preSolution
		HideSolutionNode = FALSE
	EndGlobalSection
	GlobalSection(ExtensibilityGlobals) = postSolution
		SolutionGuid = {0F94035A-E50F-4697-A72A-30B6D72AD44E}
	EndGlobalSection
EndGlobal
